// !$*UTF8*$!
{
	archiveVersion = 1;
	classes = {
	};
	objectVersion = 46;
	objects = {

/* Begin PBXBuildFile section */
		B85D8CED1B1CBC1400E81AE1 /* AppDelegate.swift in Sources */ = {isa = PBXBuildFile; fileRef = B85D8CEC1B1CBC1400E81AE1 /* AppDelegate.swift */; };
		B85D8CF01B1CBC1400E81AE1 /* Calculator1.xcdatamodeld in Sources */ = {isa = PBXBuildFile; fileRef = B85D8CEE1B1CBC1400E81AE1 /* Calculator1.xcdatamodeld */; };
		B85D8CF21B1CBC1400E81AE1 /* ViewController.swift in Sources */ = {isa = PBXBuildFile; fileRef = B85D8CF11B1CBC1400E81AE1 /* ViewController.swift */; };
		B85D8CF51B1CBC1400E81AE1 /* Main.storyboard in Resources */ = {isa = PBXBuildFile; fileRef = B85D8CF31B1CBC1400E81AE1 /* Main.storyboard */; };
		B85D8CF71B1CBC1400E81AE1 /* Images.xcassets in Resources */ = {isa = PBXBuildFile; fileRef = B85D8CF61B1CBC1400E81AE1 /* Images.xcassets */; };
		B85D8CFA1B1CBC1400E81AE1 /* LaunchScreen.xib in Resources */ = {isa = PBXBuildFile; fileRef = B85D8CF81B1CBC1400E81AE1 /* LaunchScreen.xib */; };
		B85D8D061B1CBC1400E81AE1 /* Calculator1Tests.swift in Sources */ = {isa = PBXBuildFile; fileRef = B85D8D051B1CBC1400E81AE1 /* Calculator1Tests.swift */; };
/* End PBXBuildFile section */

/* Begin PBXContainerItemProxy section */
		B85D8D001B1CBC1400E81AE1 /* PBXContainerItemProxy */ = {
			isa = PBXContainerItemProxy;
			containerPortal = B85D8CDF1B1CBC1400E81AE1 /* Project object */;
			proxyType = 1;
			remoteGlobalIDString = B85D8CE61B1CBC1400E81AE1;
			remoteInfo = Calculator1;
		};
/* End PBXContainerItemProxy section */

/* Begin PBXFileReference section */
		B85D8CE71B1CBC1400E81AE1 /* Calculator1.app */ = {isa = PBXFileReference; explicitFileType = wrapper.application; includeInIndex = 0; path = Calculator1.app; sourceTree = BUILT_PRODUCTS_DIR; };
		B85D8CEB1B1CBC1400E81AE1 /* Info.plist */ = {isa = PBXFileReference; lastKnownFileType = text.plist.xml; path = Info.plist; sourceTree = "<group>"; };
		B85D8CEC1B1CBC1400E81AE1 /* AppDelegate.swift */ = {isa = PBXFileReference; lastKnownFileType = sourcecode.swift; path = AppDelegate.swift; sourceTree = "<group>"; };
		B85D8CEF1B1CBC1400E81AE1 /* Calculator1.xcdatamodel */ = {isa = PBXFileReference; lastKnownFileType = wrapper.xcdatamodel; path = Calculator1.xcdatamodel; sourceTree = "<group>"; };
		B85D8CF11B1CBC1400E81AE1 /* ViewController.swift */ = {isa = PBXFileReference; lastKnownFileType = sourcecode.swift; path = ViewController.swift; sourceTree = "<group>"; };
		B85D8CF41B1CBC1400E81AE1 /* Base */ = {isa = PBXFileReference; lastKnownFileType = file.storyboard; name = Base; path = Base.lproj/Main.storyboard; sourceTree = "<group>"; };
		B85D8CF61B1CBC1400E81AE1 /* Images.xcassets */ = {isa = PBXFileReference; lastKnownFileType = folder.assetcatalog; path = Images.xcassets; sourceTree = "<group>"; };
		B85D8CF91B1CBC1400E81AE1 /* Base */ = {isa = PBXFileReference; lastKnownFileType = file.xib; name = Base; path = Base.lproj/LaunchScreen.xib; sourceTree = "<group>"; };
		B85D8CFF1B1CBC1400E81AE1 /* Calculator1Tests.xctest */ = {isa = PBXFileReference; explicitFileType = wrapper.cfbundle; includeInIndex = 0; path = Calculator1Tests.xctest; sourceTree = BUILT_PRODUCTS_DIR; };
		B85D8D041B1CBC1400E81AE1 /* Info.plist */ = {isa = PBXFileReference; lastKnownFileType = text.plist.xml; path = Info.plist; sourceTree = "<group>"; };
		B85D8D051B1CBC1400E81AE1 /* Calculator1Tests.swift */ = {isa = PBXFileReference; lastKnownFileType = sourcecode.swift; path = Calculator1Tests.swift; sourceTree = "<group>"; };
/* End PBXFileReference section */

/* Begin PBXFrameworksBuildPhase section */
		B85D8CE41B1CBC1400E81AE1 /* Frameworks */ = {
			isa = PBXFrameworksBuildPhase;
			buildActionMask = 2147483647;
			files = (
			);
			runOnlyForDeploymentPostprocessing = 0;
		};
		B85D8CFC1B1CBC1400E81AE1 /* Frameworks */ = {
			isa = PBXFrameworksBuildPhase;
			buildActionMask = 2147483647;
			files = (
			);
			runOnlyForDeploymentPostprocessing = 0;
		};
/* End PBXFrameworksBuildPhase section */

/* Begin PBXGroup section */
		B85D8CDE1B1CBC1400E81AE1 = {
			isa = PBXGroup;
			children = (
				B85D8CE91B1CBC1400E81AE1 /* Calculator1 */,
				B85D8D021B1CBC1400E81AE1 /* Calculator1Tests */,
				B85D8CE81B1CBC1400E81AE1 /* Products */,
			);
			sourceTree = "<group>";
		};
		B85D8CE81B1CBC1400E81AE1 /* Products */ = {
			isa = PBXGroup;
			children = (
				B85D8CE71B1CBC1400E81AE1 /* Calculator1.app */,
				B85D8CFF1B1CBC1400E81AE1 /* Calculator1Tests.xctest */,
			);
			name = Products;
			sourceTree = "<group>";
		};
		B85D8CE91B1CBC1400E81AE1 /* Calculator1 */ = {
			isa = PBXGroup;
			children = (
				B85D8CEC1B1CBC1400E81AE1 /* AppDelegate.swift */,
				B85D8CF11B1CBC1400E81AE1 /* ViewController.swift */,
				B85D8CF31B1CBC1400E81AE1 /* Main.storyboard */,
				B85D8CF61B1CBC1400E81AE1 /* Images.xcassets */,
				B85D8CF81B1CBC1400E81AE1 /* LaunchScreen.xib */,
				B85D8CEE1B1CBC1400E81AE1 /* Calculator1.xcdatamodeld */,
				B85D8CEA1B1CBC1400E81AE1 /* Supporting Files */,
			);
			path = Calculator1;
			sourceTree = "<group>";
		};
		B85D8CEA1B1CBC1400E81AE1 /* Supporting Files */ = {
			isa = PBXGroup;
			children = (
				B85D8CEB1B1CBC1400E81AE1 /* Info.plist */,
			);
			name = "Supporting Files";
			sourceTree = "<group>";
		};
		B85D8D021B1CBC1400E81AE1 /* Calculator1Tests */ = {
			isa = PBXGroup;
			children = (
				B85D8D051B1CBC1400E81AE1 /* Calculator1Tests.swift */,
				B85D8D031B1CBC1400E81AE1 /* Supporting Files */,
			);
			path = Calculator1Tests;
			sourceTree = "<group>";
		};
		B85D8D031B1CBC1400E81AE1 /* Supporting Files */ = {
			isa = PBXGroup;
			children = (
				B85D8D041B1CBC1400E81AE1 /* Info.plist */,
			);
			name = "Supporting Files";
			sourceTree = "<group>";
		};
/* End PBXGroup section */

/* Begin PBXNativeTarget section */
		B85D8CE61B1CBC1400E81AE1 /* Calculator1 */ = {
			isa = PBXNativeTarget;
			buildConfigurationList = B85D8D091B1CBC1400E81AE1 /* Build configuration list for PBXNativeTarget "Calculator1" */;
			buildPhases = (
				B85D8CE31B1CBC1400E81AE1 /* Sources */,
				B85D8CE41B1CBC1400E81AE1 /* Frameworks */,
				B85D8CE51B1CBC1400E81AE1 /* Resources */,
			);
			buildRules = (
			);
			dependencies = (
			);
			name = Calculator1;
			productName = Calculator1;
			productReference = B85D8CE71B1CBC1400E81AE1 /* Calculator1.app */;
			productType = "com.apple.product-type.application";
		};
		B85D8CFE1B1CBC1400E81AE1 /* Calculator1Tests */ = {
			isa = PBXNativeTarget;
			buildConfigurationList = B85D8D0C1B1CBC1400E81AE1 /* Build configuration list for PBXNativeTarget "Calculator1Tests" */;
			buildPhases = (
				B85D8CFB1B1CBC1400E81AE1 /* Sources */,
				B85D8CFC1B1CBC1400E81AE1 /* Frameworks */,
				B85D8CFD1B1CBC1400E81AE1 /* Resources */,
			);
			buildRules = (
			);
			dependencies = (
				B85D8D011B1CBC1400E81AE1 /* PBXTargetDependency */,
			);
			name = Calculator1Tests;
			productName = Calculator1Tests;
			productReference = B85D8CFF1B1CBC1400E81AE1 /* Calculator1Tests.xctest */;
			productType = "com.apple.product-type.bundle.unit-test";
		};
/* End PBXNativeTarget section */

/* Begin PBXProject section */
		B85D8CDF1B1CBC1400E81AE1 /* Project object */ = {
			isa = PBXProject;
			attributes = {
				LastUpgradeCheck = 0630;
				ORGANIZATIONNAME = proyectosCetina;
				TargetAttributes = {
					B85D8CE61B1CBC1400E81AE1 = {
						CreatedOnToolsVersion = 6.3.2;
					};
					B85D8CFE1B1CBC1400E81AE1 = {
						CreatedOnToolsVersion = 6.3.2;
						TestTargetID = B85D8CE61B1CBC1400E81AE1;
					};
				};
			};
			buildConfigurationList = B85D8CE21B1CBC1400E81AE1 /* Build configuration list for PBXProject "Calculator1" */;
			compatibilityVersion = "Xcode 3.2";
			developmentRegion = English;
			hasScannedForEncodings = 0;
			knownRegions = (
				en,
				Base,
			);
			mainGroup = B85D8CDE1B1CBC1400E81AE1;
			productRefGroup = B85D8CE81B1CBC1400E81AE1 /* Products */;
			projectDirPath = "";
			projectRoot = "";
			targets = (
				B85D8CE61B1CBC1400E81AE1 /* Calculator1 */,
				B85D8CFE1B1CBC1400E81AE1 /* Calculator1Tests */,
			);
		};
/* End PBXProject section */

/* Begin PBXResourcesBuildPhase section */
		B85D8CE51B1CBC1400E81AE1 /* Resources */ = {
			isa = PBXResourcesBuildPhase;
			buildActionMask = 2147483647;
			files = (
				B85D8CF51B1CBC1400E81AE1 /* Main.storyboard in Resources */,
				B85D8CFA1B1CBC1400E81AE1 /* LaunchScreen.xib in Resources */,
				B85D8CF71B1CBC1400E81AE1 /* Images.xcassets in Resources */,
			);
			runOnlyForDeploymentPostprocessing = 0;
		};
		B85D8CFD1B1CBC1400E81AE1 /* Resources */ = {
			isa = PBXResourcesBuildPhase;
			buildActionMask = 2147483647;
			files = (
			);
			runOnlyForDeploymentPostprocessing = 0;
		};
/* End PBXResourcesBuildPhase section */

/* Begin PBXSourcesBuildPhase section */
		B85D8CE31B1CBC1400E81AE1 /* Sources */ = {
			isa = PBXSourcesBuildPhase;
			buildActionMask = 2147483647;
			files = (
				B85D8CF21B1CBC1400E81AE1 /* ViewController.swift in Sources */,
				B85D8CED1B1CBC1400E81AE1 /* AppDelegate.swift in Sources */,
				B85D8CF01B1CBC1400E81AE1 /* Calculator1.xcdatamodeld in Sources */,
			);
			runOnlyForDeploymentPostprocessing = 0;
		};
		B85D8CFB1B1CBC1400E81AE1 /* Sources */ = {
			isa = PBXSourcesBuildPhase;
			buildActionMask = 2147483647;
			files = (
				B85D8D061B1CBC1400E81AE1 /* Calculator1Tests.swift in Sources */,
			);
			runOnlyForDeploymentPostprocessing = 0;
		};
/* End PBXSourcesBuildPhase section */

/* Begin PBXTargetDependency section */
		B85D8D011B1CBC1400E81AE1 /* PBXTargetDependency */ = {
			isa = PBXTargetDependency;
			target = B85D8CE61B1CBC1400E81AE1 /* Calculator1 */;
			targetProxy = B85D8D001B1CBC1400E81AE1 /* PBXContainerItemProxy */;
		};
/* End PBXTargetDependency section */

/* Begin PBXVariantGroup section */
		B85D8CF31B1CBC1400E81AE1 /* Main.storyboard */ = {
			isa = PBXVariantGroup;
			children = (
				B85D8CF41B1CBC1400E81AE1 /* Base */,
			);
			name = Main.storyboard;
			sourceTree = "<group>";
		};
		B85D8CF81B1CBC1400E81AE1 /* LaunchScreen.xib */ = {
			isa = PBXVariantGroup;
			children = (
				B85D8CF91B1CBC1400E81AE1 /* Base */,
			);
			name = LaunchScreen.xib;
			sourceTree = "<group>";
		};
/* End PBXVariantGroup section */

/* Begin XCBuildConfiguration section */
		B85D8D071B1CBC1400E81AE1 /* Debug */ = {
			isa = XCBuildConfiguration;
			buildSettings = {
				ALWAYS_SEARCH_USER_PATHS = NO;
				CLANG_CXX_LANGUAGE_STANDARD = "gnu++0x";
				CLANG_CXX_LIBRARY = "libc++";
				CLANG_ENABLE_MODULES = YES;
				CLANG_ENABLE_OBJC_ARC = YES;
				CLANG_WARN_BOOL_CONVERSION = YES;
				CLANG_WARN_CONSTANT_CONVERSION = YES;
				CLANG_WARN_DIRECT_OBJC_ISA_USAGE = YES_ERROR;
				CLANG_WARN_EMPTY_BODY = YES;
				CLANG_WARN_ENUM_CONVERSION = YES;
				CLANG_WARN_INT_CONVERSION = YES;
				CLANG_WARN_OBJC_ROOT_CLASS = YES_ERROR;
				CLANG_WARN_UNREACHABLE_CODE = YES;
				CLANG_WARN__DUPLICATE_METHOD_MATCH = YES;
				"CODE_SIGN_IDENTITY[sdk=iphoneos*]" = "iPhone Developer";
				COPY_PHASE_STRIP = NO;
				DEBUG_INFORMATION_FORMAT = "dwarf-with-dsym";
				ENABLE_STRICT_OBJC_MSGSEND = YES;
				GCC_C_LANGUAGE_STANDARD = gnu99;
				GCC_DYNAMIC_NO_PIC = NO;
				GCC_NO_COMMON_BLOCKS = YES;
				GCC_OPTIMIZATION_LEVEL = 0;
				GCC_PREPROCESSOR_DEFINITIONS = (
					"DEBUG=1",
					"$(inherited)",
				);
				GCC_SYMBOLS_PRIVATE_EXTERN = NO;
				GCC_WARN_64_TO_32_BIT_CONVERSION = YES;
				GCC_WARN_ABOUT_RETURN_TYPE = YES_ERROR;
				GCC_WARN_UNDECLARED_SELECTOR = YES;
				GCC_WARN_UNINITIALIZED_AUTOS = YES_AGGRESSIVE;
				GCC_WARN_UNUSED_FUNCTION = YES;
				GCC_WARN_UNUSED_VARIABLE = YES;
				IPHONEOS_DEPLOYMENT_TARGET = 8.3;
				MTL_ENABLE_DEBUG_INFO = YES;
				ONLY_ACTIVE_ARCH = YES;
				SDKROOT = iphoneos;
				SWIFT_OPTIMIZATION_LEVEL = "-Onone";
			};
			name = Debug;
		};
		B85D8D081B1CBC1400E81AE1 /* Release */ = {
			isa = XCBuildConfiguration;
			buildSettings = {
				ALWAYS_SEARCH_USER_PATHS = NO;
				CLANG_CXX_LANGUAGE_STANDARD = "gnu++0x";
				CLANG_CXX_LIBRARY = "libc++";
				CLANG_ENABLE_MODULES = YES;
				CLANG_ENABLE_OBJC_ARC = YES;
				CLANG_WARN_BOOL_CONVERSION = YES;
				CLANG_WARN_CONSTANT_CONVERSION = YES;
				CLANG_WARN_DIRECT_OBJC_ISA_USAGE = YES_ERROR;
				CLANG_WARN_EMPTY_BODY = YES;
				CLANG_WARN_ENUM_CONVERSION = YES;
				CLANG_WARN_INT_CONVERSION = YES;
				CLANG_WARN_OBJC_ROOT_CLASS = YES_ERROR;
				CLANG_WARN_UNREACHABLE_CODE = YES;
				CLANG_WARN__DUPLICATE_METHOD_MATCH = YES;
				"CODE_SIGN_IDENTITY[sdk=iphoneos*]" = "iPhone Developer";
				COPY_PHASE_STRIP = NO;
				DEBUG_INFORMATION_FORMAT = "dwarf-with-dsym";
				ENABLE_NS_ASSERTIONS = NO;
				ENABLE_STRICT_OBJC_MSGSEND = YES;
				GCC_C_LANGUAGE_STANDARD = gnu99;
				GCC_NO_COMMON_BLOCKS = YES;
				GCC_WARN_64_TO_32_BIT_CONVERSION = YES;
				GCC_WARN_ABOUT_RETURN_TYPE = YES_ERROR;
				GCC_WARN_UNDECLARED_SELECTOR = YES;
				GCC_WARN_UNINITIALIZED_AUTOS = YES_AGGRESSIVE;
				GCC_WARN_UNUSED_FUNCTION = YES;
				GCC_WARN_UNUSED_VARIABLE = YES;
				IPHONEOS_DEPLOYMENT_TARGET = 8.3;
				MTL_ENABLE_DEBUG_INFO = NO;
				SDKROOT = iphoneos;
				VALIDATE_PRODUCT = YES;
			};
			name = Release;
		};
		B85D8D0A1B1CBC1400E81AE1 /* Debug */ = {
			isa = XCBuildConfiguration;
			buildSettings = {
				ASSETCATALOG_COMPILER_APPICON_NAME = AppIcon;
				INFOPLIST_FILE = Calculator1/Info.plist;
				LD_RUNPATH_SEARCH_PATHS = "$(inherited) @executable_path/Frameworks";
				PRODUCT_NAME = "$(TARGET_NAME)";
			};
			name = Debug;
		};
		B85D8D0B1B1CBC1400E81AE1 /* Release */ = {
			isa = XCBuildConfiguration;
			buildSettings = {
				ASSETCATALOG_COMPILER_APPICON_NAME = AppIcon;
				INFOPLIST_FILE = Calculator1/Info.plist;
				LD_RUNPATH_SEARCH_PATHS = "$(inherited) @executable_path/Frameworks";
				PRODUCT_NAME = "$(TARGET_NAME)";
			};
			name = Release;
		};
		B85D8D0D1B1CBC1400E81AE1 /* Debug */ = {
			isa = XCBuildConfiguration;
			buildSettings = {
				BUNDLE_LOADER = "$(TEST_HOST)";
				FRAMEWORK_SEARCH_PATHS = (
					"$(SDKROOT)/Developer/Library/Frameworks",
					"$(inherited)",
				);
				GCC_PREPROCESSOR_DEFINITIONS = (
					"DEBUG=1",
					"$(inherited)",
				);
				INFOPLIST_FILE = Calculator1Tests/Info.plist;
				LD_RUNPATH_SEARCH_PATHS = "$(inherited) @executable_path/Frameworks @loader_path/Frameworks";
				PRODUCT_NAME = "$(TARGET_NAME)";
				TEST_HOST = "$(BUILT_PRODUCTS_DIR)/Calculator1.app/Calculator1";
			};
			name = Debug;
		};
		B85D8D0E1B1CBC1400E81AE1 /* Release */ = {
			isa = XCBuildConfiguration;
			buildSettings = {
				BUNDLE_LOADER = "$(TEST_HOST)";
				FRAMEWORK_SEARCH_PATHS = (
					"$(SDKROOT)/Developer/Library/Frameworks",
					"$(inherited)",
				);
				INFOPLIST_FILE = Calculator1Tests/Info.plist;
				LD_RUNPATH_SEARCH_PATHS = "$(inherited) @executable_path/Frameworks @loader_path/Frameworks";
				PRODUCT_NAME = "$(TARGET_NAME)";
				TEST_HOST = "$(BUILT_PRODUCTS_DIR)/Calculator1.app/Calculator1";
			};
			name = Release;
		};
/* End XCBuildConfiguration section */

/* Begin XCConfigurationList section */
		B85D8CE21B1CBC1400E81AE1 /* Build configuration list for PBXProject "Calculator1" */ = {
			isa = XCConfigurationList;
			buildConfigurations = (
				B85D8D071B1CBC1400E81AE1 /* Debug */,
				B85D8D081B1CBC1400E81AE1 /* Release */,
			);
			defaultConfigurationIsVisible = 0;
			defaultConfigurationName = Release;
		};
		B85D8D091B1CBC1400E81AE1 /* Build configuration list for PBXNativeTarget "Calculator1" */ = {
			isa = XCConfigurationList;
			buildConfigurations = (
				B85D8D0A1B1CBC1400E81AE1 /* Debug */,
				B85D8D0B1B1CBC1400E81AE1 /* Release */,
			);
			defaultConfigurationIsVisible = 0;
		};
		B85D8D0C1B1CBC1400E81AE1 /* Build configuration list for PBXNativeTarget "Calculator1Tests" */ = {
			isa = XCConfigurationList;
			buildConfigurations = (
				B85D8D0D1B1CBC1400E81AE1 /* Debug */,
				B85D8D0E1B1CBC1400E81AE1 /* Release */,
			);
			defaultConfigurationIsVisible = 0;
		};
/* End XCConfigurationList section */

/* Begin XCVersionGroup section */
		B85D8CEE1B1CBC1400E81AE1 /* Calculator1.xcdatamodeld */ = {
			isa = XCVersionGroup;
			children = (
				B85D8CEF1B1CBC1400E81AE1 /* Calculator1.xcdatamodel */,
			);
			currentVersion = B85D8CEF1B1CBC1400E81AE1 /* Calculator1.xcdatamodel */;
			path = Calculator1.xcdatamodeld;
			sourceTree = "<group>";
			versionGroupType = wrapper.xcdatamodel;
		};
/* End XCVersionGroup section */
	};
	rootObject = B85D8CDF1B1CBC1400E81AE1 /* Project object */;
}
